lockfileVersion: '9.0'

settings:
  autoInstallPeers: true
  excludeLinksFromLockfile: false

importers:

  .:
    dependencies:
      '@tanstack/react-query':
        specifier: ^5.100.10
        version: 5.100.10(react@19.2.6)
    devDependencies:
      '@tanstack/react-query-devtools':
        specifier: ^5.100.10
        version: 5.100.10(@tanstack/react-query@5.100.10(react@19.2.6))(react@19.2.6)

packages:

  '@tanstack/query-core@5.100.10':
    resolution: {integrity: sha512-8UR0yJR+GiQ40m3lPhUr0xbfAupe6GSQiksSBSa9SM2NjezFyxXCIA69/lz8cSoNKZLrw1/PktIyQBJcVeMi3w==}

  '@tanstack/query-devtools@5.100.10':
    resolution: {integrity: sha512-3DmJf25hDPus5IpVvp6ujXv6bKV2zPzI9vpbAmpJigsL/H6DPvPjmf7/Q9yVKEke//8fgeQ45abjgnLuyYxAiw==}

  '@tanstack/react-query-devtools@5.100.10':
    resolution: {integrity: sha512-zes0+o9ef5rAZXJ9f/SeaLs2nufJaeVkZkl/Or9NGrWVF41kL9Od9ED9nCwtQlgiF2VGtrzhEw5AU/igAO+aAg==}
    peerDependencies:
      '@tanstack/react-query': ^5.100.10
      react: ^18 || ^19

  '@tanstack/react-query@5.100.10':
    resolution: {integrity: sha512-FLaZf2RCrA/Zgp4aiu5tG3TyasTRO7aZ99skxQpr3Hg/zXOhu6yq5FZCYQ/tRaJtM9ylnoK8tFK7PolXQadv6Q==}
    peerDependencies:
      react: ^18 || ^19

  react@19.2.6:
    resolution: {integrity: sha512-sfWGGfavi0xr8Pg0sVsyHMAOziVYKgPLNrS7ig+ivMNb3wbCBw3KxtflsGBAwD3gYQlE/AEZsTLgToRrSCjb0Q==}
    engines: {node: '>=0.10.0'}

snapshots:

  '@tanstack/query-core@5.100.10': {}

  '@tanstack/query-devtools@5.100.10': {}

  '@tanstack/react-query-devtools@5.100.10(@tanstack/react-query@5.100.10(react@19.2.6))(react@19.2.6)':
    dependencies:
      '@tanstack/query-devtools': 5.100.10
      '@tanstack/react-query': 5.100.10(react@19.2.6)
      react: 19.2.6

  '@tanstack/react-query@5.100.10(react@19.2.6)':
    dependencies:
      '@tanstack/query-core': 5.100.10
      react: 19.2.6

  react@19.2.6: {}
